{
  "name": "project_portfolio",
  "version": "1.0.0",
  "lockfileVersion": 1,
  "requires": true,
  "dependencies": {
    "bootstrap3": {
      "version": "3.3.5",
      "resolved": "https://registry.npmjs.org/bootstrap3/-/bootstrap3-3.3.5.tgz",
      "integrity": "sha1-SWpO9sCHIU+paDgZbWDeZF6CWRo="
    },
    "fancybox": {
      "version": "3.0.0",
      "resolved": "https://registry.npmjs.org/fancybox/-/fancybox-3.0.0.tgz",
      "integrity": "sha1-jCGvgULGIb7X1VG6acTDjq7NLgQ="
    },
    "git": {
      "version": "0.1.5",
      "resolved": "https://registry.npmjs.org/git/-/git-0.1.5.tgz",
      "integrity": "sha1-nvYt+T+FHCdUIUO/UtHGixAXyhU=",
      "dev": true,
      "requires": {
        "mime": "1.2.9"
      }
    },
    "jquery": {
      "version": "3.3.1",
      "resolved": "https://registry.npmjs.org/jquery/-/jquery-3.3.1.tgz",
      "integrity": "sha512-Ubldcmxp5np52/ENotGxlLe6aGMvmF4R8S6tZjsP6Knsaxd/xp3Zrh50cG93lR6nPXyUFwzN3ZSOQI0wRJNdGg=="
    },
    "mime": {
      "version": "1.2.9",
      "resolved": "https://registry.npmjs.org/mime/-/mime-1.2.9.tgz",
      "integrity": "sha1-AJzUCGe9Nd5SGzuWbwTi+NTRPQk=",
      "dev": true
    },
    "owlcarousel": {
      "version": "1.3.3",
      "resolved": "https://registry.npmjs.org/owlcarousel/-/owlcarousel-1.3.3.tgz",
      "integrity": "sha1-KN5bm9KOnq7xWgo1UXV5Xy78VH0="
    }
  }
}
